// !$*UTF8*$!
{
	archiveVersion = 1;
	classes = {
	};
	objectVersion = 46;
	objects = {

/* Begin PBXBuildFile section */
		0552C40E195DF91A006AE004 /* Cocoa.framework in Frameworks */ = {isa = PBXBuildFile; fileRef = 0552C40D195DF91A006AE004 /* Cocoa.framework */; };
		0552C418195DF91A006AE004 /* InfoPlist.strings in Resources */ = {isa = PBXBuildFile; fileRef = 0552C416195DF91A006AE004 /* InfoPlist.strings */; };
		0552C41A195DF91A006AE004 /* main.m in Sources */ = {isa = PBXBuildFile; fileRef = 0552C419195DF91A006AE004 /* main.m */; };
		0552C41E195DF91A006AE004 /* Credits.rtf in Resources */ = {isa = PBXBuildFile; fileRef = 0552C41C195DF91A006AE004 /* Credits.rtf */; };
		0552C421195DF91A006AE004 /* Document.m in Sources */ = {isa = PBXBuildFile; fileRef = 0552C420195DF91A006AE004 /* Document.m */; };
		0552C424195DF91A006AE004 /* Document.xib in Resources */ = {isa = PBXBuildFile; fileRef = 0552C422195DF91A006AE004 /* Document.xib */; };
		0552C427195DF91A006AE004 /* MainMenu.xib in Resources */ = {isa = PBXBuildFile; fileRef = 0552C425195DF91A006AE004 /* MainMenu.xib */; };
		0552C429195DF91A006AE004 /* Images.xcassets in Resources */ = {isa = PBXBuildFile; fileRef = 0552C428195DF91A006AE004 /* Images.xcassets */; };
		0552C430195DF91A006AE004 /* XCTest.framework in Frameworks */ = {isa = PBXBuildFile; fileRef = 0552C42F195DF91A006AE004 /* XCTest.framework */; };
		0552C431195DF91A006AE004 /* Cocoa.framework in Frameworks */ = {isa = PBXBuildFile; fileRef = 0552C40D195DF91A006AE004 /* Cocoa.framework */; };
		0552C439195DF91A006AE004 /* InfoPlist.strings in Resources */ = {isa = PBXBuildFile; fileRef = 0552C437195DF91A006AE004 /* InfoPlist.strings */; };
		0552C43B195DF91A006AE004 /* iCSSTests.m in Sources */ = {isa = PBXBuildFile; fileRef = 0552C43A195DF91A006AE004 /* iCSSTests.m */; };
		0552C448195DF966006AE004 /* BorderViewController.m in Sources */ = {isa = PBXBuildFile; fileRef = 0552C446195DF966006AE004 /* BorderViewController.m */; };
		0552C449195DF966006AE004 /* BorderViewController.xib in Resources */ = {isa = PBXBuildFile; fileRef = 0552C447195DF966006AE004 /* BorderViewController.xib */; };
		0552C493195DF98C006AE004 /* borderGroove.pdf in Resources */ = {isa = PBXBuildFile; fileRef = 0552C44A195DF98B006AE004 /* borderGroove.pdf */; };
		0552C494195DF98C006AE004 /* borderOutset.pdf in Resources */ = {isa = PBXBuildFile; fileRef = 0552C44B195DF98B006AE004 /* borderOutset.pdf */; };
		0552C495195DF98C006AE004 /* borderDouble.pdf in Resources */ = {isa = PBXBuildFile; fileRef = 0552C44C195DF98B006AE004 /* borderDouble.pdf */; };
		0552C496195DF98C006AE004 /* borderSolid.pdf in Resources */ = {isa = PBXBuildFile; fileRef = 0552C44D195DF98B006AE004 /* borderSolid.pdf */; };
		0552C497195DF98C006AE004 /* borderInset.pdf in Resources */ = {isa = PBXBuildFile; fileRef = 0552C44E195DF98B006AE004 /* borderInset.pdf */; };
		0552C498195DF98C006AE004 /* borderHidden.pdf in Resources */ = {isa = PBXBuildFile; fileRef = 0552C44F195DF98B006AE004 /* borderHidden.pdf */; };
		0552C499195DF98C006AE004 /* borderDotted.pdf in Resources */ = {isa = PBXBuildFile; fileRef = 0552C450195DF98B006AE004 /* borderDotted.pdf */; };
		0552C49A195DF98C006AE004 /* borderDashed.pdf in Resources */ = {isa = PBXBuildFile; fileRef = 0552C451195DF98B006AE004 /* borderDashed.pdf */; };
		0552C49B195DF98C006AE004 /* borderRidge.pdf in Resources */ = {isa = PBXBuildFile; fileRef = 0552C452195DF98B006AE004 /* borderRidge.pdf */; };
		0552C49C195DF98C006AE004 /* borderNone.pdf in Resources */ = {isa = PBXBuildFile; fileRef = 0552C453195DF98B006AE004 /* borderNone.pdf */; };
		0552C49D195DF98C006AE004 /* borderAllTemplate.pdf in Resources */ = {isa = PBXBuildFile; fileRef = 0552C454195DF98B006AE004 /* borderAllTemplate.pdf */; };
		0552C49E195DF98C006AE004 /* borderBottomTemplate.pdf in Resources */ = {isa = PBXBuildFile; fileRef = 0552C455195DF98B006AE004 /* borderBottomTemplate.pdf */; };
		0552C49F195DF98C006AE004 /* borderLeftTemplate.pdf in Resources */ = {isa = PBXBuildFile; fileRef = 0552C456195DF98B006AE004 /* borderLeftTemplate.pdf */; };
		0552C4A0195DF98C006AE004 /* borderRightTemplate.pdf in Resources */ = {isa = PBXBuildFile; fileRef = 0552C457195DF98B006AE004 /* borderRightTemplate.pdf */; };
		0552C4A1195DF98C006AE004 /* borderTopTemplate.pdf in Resources */ = {isa = PBXBuildFile; fileRef = 0552C458195DF98B006AE004 /* borderTopTemplate.pdf */; };
		0552C4A2195DF98C006AE004 /* positionBottom.pdf in Resources */ = {isa = PBXBuildFile; fileRef = 0552C459195DF98B006AE004 /* positionBottom.pdf */; };
		0552C4A3195DF98C006AE004 /* positionLeft.pdf in Resources */ = {isa = PBXBuildFile; fileRef = 0552C45A195DF98B006AE004 /* positionLeft.pdf */; };
		0552C4A4195DF98C006AE004 /* positionRight.pdf in Resources */ = {isa = PBXBuildFile; fileRef = 0552C45B195DF98B006AE004 /* positionRight.pdf */; };
		0552C4A5195DF98C006AE004 /* positionTop.pdf in Resources */ = {isa = PBXBuildFile; fileRef = 0552C45C195DF98B006AE004 /* positionTop.pdf */; };
		0552C4A6195DF98C006AE004 /* clearBothTemplate.pdf in Resources */ = {isa = PBXBuildFile; fileRef = 0552C45D195DF98B006AE004 /* clearBothTemplate.pdf */; };
		0552C4A7195DF98C006AE004 /* clearLeftTemplate.pdf in Resources */ = {isa = PBXBuildFile; fileRef = 0552C45E195DF98B006AE004 /* clearLeftTemplate.pdf */; };
		0552C4A8195DF98C006AE004 /* clearRightTemplate.pdf in Resources */ = {isa = PBXBuildFile; fileRef = 0552C45F195DF98B006AE004 /* clearRightTemplate.pdf */; };
		0552C4A9195DF98C006AE004 /* floatLeftTemplate.pdf in Resources */ = {isa = PBXBuildFile; fileRef = 0552C460195DF98B006AE004 /* floatLeftTemplate.pdf */; };
		0552C4AA195DF98C006AE004 /* floatRightTemplate.pdf in Resources */ = {isa = PBXBuildFile; fileRef = 0552C461195DF98B006AE004 /* floatRightTemplate.pdf */; };
		0552C4AB195DF98C006AE004 /* marginAll.pdf in Resources */ = {isa = PBXBuildFile; fileRef = 0552C462195DF98B006AE004 /* marginAll.pdf */; };
		0552C4AC195DF98C006AE004 /* marginBottom.pdf in Resources */ = {isa = PBXBuildFile; fileRef = 0552C463195DF98B006AE004 /* marginBottom.pdf */; };
		0552C4AD195DF98C006AE004 /* marginLeft.pdf in Resources */ = {isa = PBXBuildFile; fileRef = 0552C464195DF98B006AE004 /* marginLeft.pdf */; };
		0552C4AE195DF98C006AE004 /* marginRight.pdf in Resources */ = {isa = PBXBuildFile; fileRef = 0552C465195DF98B006AE004 /* marginRight.pdf */; };
		0552C4AF195DF98C006AE004 /* marginTop.pdf in Resources */ = {isa = PBXBuildFile; fileRef = 0552C466195DF98B006AE004 /* marginTop.pdf */; };
		0552C4B0195DF98C006AE004 /* paddingAll.pdf in Resources */ = {isa = PBXBuildFile; fileRef = 0552C467195DF98B006AE004 /* paddingAll.pdf */; };
		0552C4B1195DF98C006AE004 /* paddingBottom.pdf in Resources */ = {isa = PBXBuildFile; fileRef = 0552C468195DF98B006AE004 /* paddingBottom.pdf */; };
		0552C4B2195DF98C006AE004 /* paddingLeft.pdf in Resources */ = {isa = PBXBuildFile; fileRef = 0552C469195DF98B006AE004 /* paddingLeft.pdf */; };
		0552C4B3195DF98C006AE004 /* paddingRight.pdf in Resources */ = {isa = PBXBuildFile; fileRef = 0552C46A195DF98B006AE004 /* paddingRight.pdf */; };
		0552C4B4195DF98C006AE004 /* paddingTop.pdf in Resources */ = {isa = PBXBuildFile; fileRef = 0552C46B195DF98B006AE004 /* paddingTop.pdf */; };
		0552C4B5195DF98C006AE004 /* zDownTemplate.pdf in Resources */ = {isa = PBXBuildFile; fileRef = 0552C46C195DF98B006AE004 /* zDownTemplate.pdf */; };
		0552C4B6195DF98C006AE004 /* zUpTemplate.pdf in Resources */ = {isa = PBXBuildFile; fileRef = 0552C46D195DF98B006AE004 /* zUpTemplate.pdf */; };
		0552C4B7195DF98C006AE004 /* arrowLeftTemplate.pdf in Resources */ = {isa = PBXBuildFile; fileRef = 0552C46E195DF98B006AE004 /* arrowLeftTemplate.pdf */; };
		0552C4B8195DF98C006AE004 /* arrowRightTemplate.pdf in Resources */ = {isa = PBXBuildFile; fileRef = 0552C46F195DF98B006AE004 /* arrowRightTemplate.pdf */; };
		0552C4B9195DF98C006AE004 /* arrowUpTemplate.pdf in Resources */ = {isa = PBXBuildFile; fileRef = 0552C470195DF98B006AE004 /* arrowUpTemplate.pdf */; };
		0552C4BA195DF98C006AE004 /* arrowDownTemplate.pdf in Resources */ = {isa = PBXBuildFile; fileRef = 0552C471195DF98B006AE004 /* arrowDownTemplate.pdf */; };
		0552C4BB195DF98C006AE004 /* arrowLeftBottomTemplate.pdf in Resources */ = {isa = PBXBuildFile; fileRef = 0552C472195DF98B006AE004 /* arrowLeftBottomTemplate.pdf */; };
		0552C4BC195DF98C006AE004 /* arrowRightBottomTemplate.pdf in Resources */ = {isa = PBXBuildFile; fileRef = 0552C473195DF98B006AE004 /* arrowRightBottomTemplate.pdf */; };
		0552C4BD195DF98C006AE004 /* arrowLeftTopTemplate.pdf in Resources */ = {isa = PBXBuildFile; fileRef = 0552C474195DF98B006AE004 /* arrowLeftTopTemplate.pdf */; };
		0552C4BE195DF98C006AE004 /* arrowRightTopTemplate.pdf in Resources */ = {isa = PBXBuildFile; fileRef = 0552C475195DF98B006AE004 /* arrowRightTopTemplate.pdf */; };
		0552C4BF195DF98C006AE004 /* repeatTemplate.pdf in Resources */ = {isa = PBXBuildFile; fileRef = 0552C476195DF98B006AE004 /* repeatTemplate.pdf */; };
		0552C4C0195DF98C006AE004 /* repeatYTemplate.pdf in Resources */ = {isa = PBXBuildFile; fileRef = 0552C477195DF98B006AE004 /* repeatYTemplate.pdf */; };
		0552C4C1195DF98C006AE004 /* repeatXTemplate.pdf in Resources */ = {isa = PBXBuildFile; fileRef = 0552C478195DF98B006AE004 /* repeatXTemplate.pdf */; };
		0552C4C2195DF98C006AE004 /* repeatNoTemplate.pdf in Resources */ = {isa = PBXBuildFile; fileRef = 0552C479195DF98B006AE004 /* repeatNoTemplate.pdf */; };
		0552C4C3195DF98C006AE004 /* attScrollTemplate.pdf in Resources */ = {isa = PBXBuildFile; fileRef = 0552C47A195DF98B006AE004 /* attScrollTemplate.pdf */; };
		0552C4C4195DF98C006AE004 /* attFixedTemplate.pdf in Resources */ = {isa = PBXBuildFile; fileRef = 0552C47B195DF98C006AE004 /* attFixedTemplate.pdf */; };
		0552C4C5195DF98C006AE004 /* picture.png in Resources */ = {isa = PBXBuildFile; fileRef = 0552C47C195DF98C006AE004 /* picture.png */; };
		0552C4C6195DF98C006AE004 /* HideStylesPaneTemplate.png in Resources */ = {isa = PBXBuildFile; fileRef = 0552C47D195DF98C006AE004 /* HideStylesPaneTemplate.png */; };
		0552C4C7195DF98C006AE004 /* ShowStylesPaneTemplate.png in Resources */ = {isa = PBXBuildFile; fileRef = 0552C47E195DF98C006AE004 /* ShowStylesPaneTemplate.png */; };
		0552C4C8195DF98C006AE004 /* SmallX.png in Resources */ = {isa = PBXBuildFile; fileRef = 0552C47F195DF98C006AE004 /* SmallX.png */; };
		0552C4C9195DF98C006AE004 /* fontTemplate.pdf in Resources */ = {isa = PBXBuildFile; fileRef = 0552C480195DF98C006AE004 /* fontTemplate.pdf */; };
		0552C4CA195DF98C006AE004 /* comment.png in Resources */ = {isa = PBXBuildFile; fileRef = 0552C481195DF98C006AE004 /* comment.png */; };
		0552C4CB195DF98C006AE004 /* comment@2x.png in Resources */ = {isa = PBXBuildFile; fileRef = 0552C482195DF98C006AE004 /* comment@2x.png */; };
		0552C4CC195DF98C006AE004 /* media.png in Resources */ = {isa = PBXBuildFile; fileRef = 0552C483195DF98C006AE004 /* media.png */; };
		0552C4CD195DF98C006AE004 /* media@2x.png in Resources */ = {isa = PBXBuildFile; fileRef = 0552C484195DF98C006AE004 /* media@2x.png */; };
		0552C4CE195DF98C006AE004 /* charset@2x.png in Resources */ = {isa = PBXBuildFile; fileRef = 0552C485195DF98C006AE004 /* charset@2x.png */; };
		0552C4CF195DF98C006AE004 /* charset.png in Resources */ = {isa = PBXBuildFile; fileRef = 0552C486195DF98C006AE004 /* charset.png */; };
		0552C4D0195DF98C006AE004 /* import.png in Resources */ = {isa = PBXBuildFile; fileRef = 0552C487195DF98C006AE004 /* import.png */; };
		0552C4D1195DF98C006AE004 /* import@2x.png in Resources */ = {isa = PBXBuildFile; fileRef = 0552C488195DF98C006AE004 /* import@2x.png */; };
		0552C4D2195DF98C006AE004 /* alignLeftTemplate.pdf in Resources */ = {isa = PBXBuildFile; fileRef = 0552C489195DF98C006AE004 /* alignLeftTemplate.pdf */; };
		0552C4D3195DF98C006AE004 /* alignCenterTemplate.pdf in Resources */ = {isa = PBXBuildFile; fileRef = 0552C48A195DF98C006AE004 /* alignCenterTemplate.pdf */; };
		0552C4D4195DF98C006AE004 /* alignRightTemplate.pdf in Resources */ = {isa = PBXBuildFile; fileRef = 0552C48B195DF98C006AE004 /* alignRightTemplate.pdf */; };
		0552C4D5195DF98C006AE004 /* alignTemplate.pdf in Resources */ = {isa = PBXBuildFile; fileRef = 0552C48C195DF98C006AE004 /* alignTemplate.pdf */; };
		0552C4D6195DF98C006AE004 /* gradientLinear.png in Resources */ = {isa = PBXBuildFile; fileRef = 0552C48D195DF98C006AE004 /* gradientLinear.png */; };
		0552C4D7195DF98C006AE004 /* gradientLinear@2x.png in Resources */ = {isa = PBXBuildFile; fileRef = 0552C48E195DF98C006AE004 /* gradientLinear@2x.png */; };
		0552C4D8195DF98C006AE004 /* gradientRadial.png in Resources */ = {isa = PBXBuildFile; fileRef = 0552C48F195DF98C006AE004 /* gradientRadial.png */; };
		0552C4D9195DF98C006AE004 /* gradientRadial@2x.png in Resources */ = {isa = PBXBuildFile; fileRef = 0552C490195DF98C006AE004 /* gradientRadial@2x.png */; };
		0552C4DA195DF98C006AE004 /* image.png in Resources */ = {isa = PBXBuildFile; fileRef = 0552C491195DF98C006AE004 /* image.png */; };
		0552C4DB195DF98C006AE004 /* image@2x.png in Resources */ = {isa = PBXBuildFile; fileRef = 0552C492195DF98C006AE004 /* image@2x.png */; };
		0552C4EC195DF9CF006AE004 /* CustomTextView.m in Sources */ = {isa = PBXBuildFile; fileRef = 0552C4DD195DF9CF006AE004 /* CustomTextView.m */; };
		0552C4ED195DF9CF006AE004 /* SplitViewController.m in Sources */ = {isa = PBXBuildFile; fileRef = 0552C4DF195DF9CF006AE004 /* SplitViewController.m */; };
		0552C4EE195DF9CF006AE004 /* CSSParser.m in Sources */ = {isa = PBXBuildFile; fileRef = 0552C4E1195DF9CF006AE004 /* CSSParser.m */; };
		0552C4EF195DF9CF006AE004 /* ColorTextFieldCell.m in Sources */ = {isa = PBXBuildFile; fileRef = 0552C4E3195DF9CF006AE004 /* ColorTextFieldCell.m */; };
		0552C4F0195DF9CF006AE004 /* ColorTextField.m in Sources */ = {isa = PBXBuildFile; fileRef = 0552C4E5195DF9CF006AE004 /* ColorTextField.m */; };
		0552C4F1195DF9CF006AE004 /* ImageAndTextCell.m in Sources */ = {isa = PBXBuildFile; fileRef = 0552C4E7195DF9CF006AE004 /* ImageAndTextCell.m */; settings = {COMPILER_FLAGS = "-fno-objc-arc"; }; };
		0552C4F2195DF9CF006AE004 /* CustomOutlineView.m in Sources */ = {isa = PBXBuildFile; fileRef = 0552C4E9195DF9CF006AE004 /* CustomOutlineView.m */; };
		0552C4F3195DF9CF006AE004 /* SyntaxHighlighter.m in Sources */ = {isa = PBXBuildFile; fileRef = 0552C4EB195DF9CF006AE004 /* SyntaxHighlighter.m */; };
		0552C500195DF9D9006AE004 /* NSImage+Tint.m in Sources */ = {isa = PBXBuildFile; fileRef = 0552C4F5195DF9D9006AE004 /* NSImage+Tint.m */; settings = {COMPILER_FLAGS = "-fno-objc-arc"; }; };
		0552C501195DF9D9006AE004 /* NSColor+HTMLColors.m in Sources */ = {isa = PBXBuildFile; fileRef = 0552C4F7195DF9D9006AE004 /* NSColor+HTMLColors.m */; };
		0552C502195DF9D9006AE004 /* NSColor+Extensions.m in Sources */ = {isa = PBXBuildFile; fileRef = 0552C4F9195DF9D9006AE004 /* NSColor+Extensions.m */; };
		0552C503195DF9D9006AE004 /* NSColor+iOS7Colors.m in Sources */ = {isa = PBXBuildFile; fileRef = 0552C4FB195DF9D9006AE004 /* NSColor+iOS7Colors.m */; };
		0552C504195DF9D9006AE004 /* NSBezierPath+StrokeExtensions.m in Sources */ = {isa = PBXBuildFile; fileRef = 0552C4FD195DF9D9006AE004 /* NSBezierPath+StrokeExtensions.m */; };
		0552C505195DF9D9006AE004 /* NSColor+ChessboardColor.m in Sources */ = {isa = PBXBuildFile; fileRef = 0552C4FF195DF9D9006AE004 /* NSColor+ChessboardColor.m */; };
		0552C50A195DF9FD006AE004 /* ACTGradientEditor.m in Sources */ = {isa = PBXBuildFile; fileRef = 0552C509195DF9FD006AE004 /* ACTGradientEditor.m */; };
		0552C51C195DFA14006AE004 /* NoodleLineNumberMarker.m in Sources */ = {isa = PBXBuildFile; fileRef = 0552C519195DFA14006AE004 /* NoodleLineNumberMarker.m */; };
		0552C51D195DFA14006AE004 /* NoodleLineNumberView.m in Sources */ = {isa = PBXBuildFile; fileRef = 0552C51B195DFA14006AE004 /* NoodleLineNumberView.m */; settings = {COMPILER_FLAGS = "-fno-objc-arc"; }; };
		0552C51F195DFA91006AE004 /* libicucore.dylib in Frameworks */ = {isa = PBXBuildFile; fileRef = 0552C51E195DFA91006AE004 /* libicucore.dylib */; };
		0552C521195DFA9A006AE004 /* WebKit.framework in Frameworks */ = {isa = PBXBuildFile; fileRef = 0552C520195DFA9A006AE004 /* WebKit.framework */; };
		0552C525195E5328006AE004 /* test.css in Resources */ = {isa = PBXBuildFile; fileRef = 0552C523195E5328006AE004 /* test.css */; };
		0552C526195E5328006AE004 /* colors.plist in Resources */ = {isa = PBXBuildFile; fileRef = 0552C524195E5328006AE004 /* colors.plist */; };
		0552C52B195FC0F5006AE004 /* delete@2x.png in Resources */ = {isa = PBXBuildFile; fileRef = 0552C527195FC0F5006AE004 /* delete@2x.png */; };
		0552C52C195FC0F5006AE004 /* delete.png in Resources */ = {isa = PBXBuildFile; fileRef = 0552C528195FC0F5006AE004 /* delete.png */; };
		0552C52D195FC0F5006AE004 /* delete-pressed.png in Resources */ = {isa = PBXBuildFile; fileRef = 0552C529195FC0F5006AE004 /* delete-pressed.png */; };
		0552C52E195FC0F5006AE004 /* delete-pressed@2x.png in Resources */ = {isa = PBXBuildFile; fileRef = 0552C52A195FC0F5006AE004 /* delete-pressed@2x.png */; };
		0552C532195FC277006AE004 /* PositioningViewController.m in Sources */ = {isa = PBXBuildFile; fileRef = 0552C530195FC277006AE004 /* PositioningViewController.m */; };
		0552C533195FC277006AE004 /* PositioningViewController.xib in Resources */ = {isa = PBXBuildFile; fileRef = 0552C531195FC277006AE004 /* PositioningViewController.xib */; };
		05973D0D195FD0A7005C3D10 /* DimensionsViewController.m in Sources */ = {isa = PBXBuildFile; fileRef = 05973D0B195FD0A7005C3D10 /* DimensionsViewController.m */; };
		05973D0E195FD0A7005C3D10 /* DimensionsViewController.xib in Resources */ = {isa = PBXBuildFile; fileRef = 05973D0C195FD0A7005C3D10 /* DimensionsViewController.xib */; };
		05973D1319607605005C3D10 /* BackgroundViewController.m in Sources */ = {isa = PBXBuildFile; fileRef = 05973D1119607605005C3D10 /* BackgroundViewController.m */; };
		05973D1419607605005C3D10 /* BackgroundViewController.xib in Resources */ = {isa = PBXBuildFile; fileRef = 05973D1219607605005C3D10 /* BackgroundViewController.xib */; };
		05DDFE541961CEDD002F6ADC /* Podfile in Resources */ = {isa = PBXBuildFile; fileRef = 05DDFE531961CEDD002F6ADC /* Podfile */; };
		4E7070255D3F4BF985B21450 /* (null) in Frameworks */ = {isa = PBXBuildFile; };
		B86A004A21CA4D17BAF2D8DB /* libPods.a in Frameworks */ = {isa = PBXBuildFile; fileRef = 4BA07C34EC7644FFBBA67242 /* libPods.a */; };
/* End PBXBuildFile section */

/* Begin PBXContainerItemProxy section */
		0552C432195DF91A006AE004 /* PBXContainerItemProxy */ = {
			isa = PBXContainerItemProxy;
			containerPortal = 0552C402195DF91A006AE004 /* Project object */;
			proxyType = 1;
			remoteGlobalIDString = 0552C409195DF91A006AE004;
			remoteInfo = iCSS;
		};
/* End PBXContainerItemProxy section */

/* Begin PBXFileReference section */
		0552C40A195DF91A006AE004 /* iCSS.app */ = {isa = PBXFileReference; explicitFileType = wrapper.application; includeInIndex = 0; path = iCSS.app; sourceTree = BUILT_PRODUCTS_DIR; };
		0552C40D195DF91A006AE004 /* Cocoa.framework */ = {isa = PBXFileReference; lastKnownFileType = wrapper.framework; name = Cocoa.framework; path = System/Library/Frameworks/Cocoa.framework; sourceTree = SDKROOT; };
		0552C410195DF91A006AE004 /* AppKit.framework */ = {isa = PBXFileReference; lastKnownFileType = wrapper.framework; name = AppKit.framework; path = System/Library/Frameworks/AppKit.framework; sourceTree = SDKROOT; };
		0552C411195DF91A006AE004 /* CoreData.framework */ = {isa = PBXFileReference; lastKnownFileType = wrapper.framework; name = CoreData.framework; path = System/Library/Frameworks/CoreData.framework; sourceTree = SDKROOT; };
		0552C412195DF91A006AE004 /* Foundation.framework */ = {isa = PBXFileReference; lastKnownFileType = wrapper.framework; name = Foundation.framework; path = System/Library/Frameworks/Foundation.framework; sourceTree = SDKROOT; };
		0552C415195DF91A006AE004 /* iCSS-Info.plist */ = {isa = PBXFileReference; lastKnownFileType = text.plist.xml; path = "iCSS-Info.plist"; sourceTree = "<group>"; };
		0552C417195DF91A006AE004 /* en */ = {isa = PBXFileReference; lastKnownFileType = text.plist.strings; name = en; path = en.lproj/InfoPlist.strings; sourceTree = "<group>"; };
		0552C419195DF91A006AE004 /* main.m */ = {isa = PBXFileReference; lastKnownFileType = sourcecode.c.objc; path = main.m; sourceTree = "<group>"; };
		0552C41B195DF91A006AE004 /* iCSS-Prefix.pch */ = {isa = PBXFileReference; lastKnownFileType = sourcecode.c.h; path = "iCSS-Prefix.pch"; sourceTree = "<group>"; };
		0552C41D195DF91A006AE004 /* en */ = {isa = PBXFileReference; lastKnownFileType = text.rtf; name = en; path = en.lproj/Credits.rtf; sourceTree = "<group>"; };
		0552C41F195DF91A006AE004 /* Document.h */ = {isa = PBXFileReference; lastKnownFileType = sourcecode.c.h; path = Document.h; sourceTree = "<group>"; };
		0552C420195DF91A006AE004 /* Document.m */ = {isa = PBXFileReference; lastKnownFileType = sourcecode.c.objc; path = Document.m; sourceTree = "<group>"; };
		0552C423195DF91A006AE004 /* Base */ = {isa = PBXFileReference; lastKnownFileType = file.xib; name = Base; path = Base.lproj/Document.xib; sourceTree = "<group>"; };
		0552C426195DF91A006AE004 /* Base */ = {isa = PBXFileReference; lastKnownFileType = file.xib; name = Base; path = Base.lproj/MainMenu.xib; sourceTree = "<group>"; };
		0552C428195DF91A006AE004 /* Images.xcassets */ = {isa = PBXFileReference; lastKnownFileType = folder.assetcatalog; path = Images.xcassets; sourceTree = "<group>"; };
		0552C42E195DF91A006AE004 /* iCSSTests.xctest */ = {isa = PBXFileReference; explicitFileType = wrapper.cfbundle; includeInIndex = 0; path = iCSSTests.xctest; sourceTree = BUILT_PRODUCTS_DIR; };
		0552C42F195DF91A006AE004 /* XCTest.framework */ = {isa = PBXFileReference; lastKnownFileType = wrapper.framework; name = XCTest.framework; path = Library/Frameworks/XCTest.framework; sourceTree = DEVELOPER_DIR; };
		0552C436195DF91A006AE004 /* iCSSTests-Info.plist */ = {isa = PBXFileReference; lastKnownFileType = text.plist.xml; path = "iCSSTests-Info.plist"; sourceTree = "<group>"; };
		0552C438195DF91A006AE004 /* en */ = {isa = PBXFileReference; lastKnownFileType = text.plist.strings; name = en; path = en.lproj/InfoPlist.strings; sourceTree = "<group>"; };
		0552C43A195DF91A006AE004 /* iCSSTests.m */ = {isa = PBXFileReference; lastKnownFileType = sourcecode.c.objc; path = iCSSTests.m; sourceTree = "<group>"; };
		0552C445195DF966006AE004 /* BorderViewController.h */ = {isa = PBXFileReference; fileEncoding = 4; lastKnownFileType = sourcecode.c.h; path = BorderViewController.h; sourceTree = "<group>"; };
		0552C446195DF966006AE004 /* BorderViewController.m */ = {isa = PBXFileReference; fileEncoding = 4; lastKnownFileType = sourcecode.c.objc; path = BorderViewController.m; sourceTree = "<group>"; };
		0552C447195DF966006AE004 /* BorderViewController.xib */ = {isa = PBXFileReference; fileEncoding = 4; lastKnownFileType = file.xib; path = BorderViewController.xib; sourceTree = "<group>"; };
		0552C44A195DF98B006AE004 /* borderGroove.pdf */ = {isa = PBXFileReference; lastKnownFileType = image.pdf; path = borderGroove.pdf; sourceTree = "<group>"; };
		0552C44B195DF98B006AE004 /* borderOutset.pdf */ = {isa = PBXFileReference; lastKnownFileType = image.pdf; path = borderOutset.pdf; sourceTree = "<group>"; };
		0552C44C195DF98B006AE004 /* borderDouble.pdf */ = {isa = PBXFileReference; lastKnownFileType = image.pdf; path = borderDouble.pdf; sourceTree = "<group>"; };
		0552C44D195DF98B006AE004 /* borderSolid.pdf */ = {isa = PBXFileReference; lastKnownFileType = image.pdf; path = borderSolid.pdf; sourceTree = "<group>"; };
		0552C44E195DF98B006AE004 /* borderInset.pdf */ = {isa = PBXFileReference; lastKnownFileType = image.pdf; path = borderInset.pdf; sourceTree = "<group>"; };
		0552C44F195DF98B006AE004 /* borderHidden.pdf */ = {isa = PBXFileReference; lastKnownFileType = image.pdf; path = borderHidden.pdf; sourceTree = "<group>"; };
		0552C450195DF98B006AE004 /* borderDotted.pdf */ = {isa = PBXFileReference; lastKnownFileType = image.pdf; path = borderDotted.pdf; sourceTree = "<group>"; };
		0552C451195DF98B006AE004 /* borderDashed.pdf */ = {isa = PBXFileReference; lastKnownFileType = image.pdf; path = borderDashed.pdf; sourceTree = "<group>"; };
		0552C452195DF98B006AE004 /* borderRidge.pdf */ = {isa = PBXFileReference; lastKnownFileType = image.pdf; path = borderRidge.pdf; sourceTree = "<group>"; };
		0552C453195DF98B006AE004 /* borderNone.pdf */ = {isa = PBXFileReference; lastKnownFileType = image.pdf; path = borderNone.pdf; sourceTree = "<group>"; };
		0552C454195DF98B006AE004 /* borderAllTemplate.pdf */ = {isa = PBXFileReference; lastKnownFileType = image.pdf; path = borderAllTemplate.pdf; sourceTree = "<group>"; };
		0552C455195DF98B006AE004 /* borderBottomTemplate.pdf */ = {isa = PBXFileReference; lastKnownFileType = image.pdf; path = borderBottomTemplate.pdf; sourceTree = "<group>"; };
		0552C456195DF98B006AE004 /* borderLeftTemplate.pdf */ = {isa = PBXFileReference; lastKnownFileType = image.pdf; path = borderLeftTemplate.pdf; sourceTree = "<group>"; };
		0552C457195DF98B006AE004 /* borderRightTemplate.pdf */ = {isa = PBXFileReference; lastKnownFileType = image.pdf; path = borderRightTemplate.pdf; sourceTree = "<group>"; };
		0552C458195DF98B006AE004 /* borderTopTemplate.pdf */ = {isa = PBXFileReference; lastKnownFileType = image.pdf; path = borderTopTemplate.pdf; sourceTree = "<group>"; };
		0552C459195DF98B006AE004 /* positionBottom.pdf */ = {isa = PBXFileReference; lastKnownFileType = image.pdf; path = positionBottom.pdf; sourceTree = "<group>"; };
		0552C45A195DF98B006AE004 /* positionLeft.pdf */ = {isa = PBXFileReference; lastKnownFileType = image.pdf; path = positionLeft.pdf; sourceTree = "<group>"; };
		0552C45B195DF98B006AE004 /* positionRight.pdf */ = {isa = PBXFileReference; lastKnownFileType = image.pdf; path = positionRight.pdf; sourceTree = "<group>"; };
		0552C45C195DF98B006AE004 /* positionTop.pdf */ = {isa = PBXFileReference; lastKnownFileType = image.pdf; path = positionTop.pdf; sourceTree = "<group>"; };
		0552C45D195DF98B006AE004 /* clearBothTemplate.pdf */ = {isa = PBXFileReference; lastKnownFileType = image.pdf; path = clearBothTemplate.pdf; sourceTree = "<group>"; };
		0552C45E195DF98B006AE004 /* clearLeftTemplate.pdf */ = {isa = PBXFileReference; lastKnownFileType = image.pdf; path = clearLeftTemplate.pdf; sourceTree = "<group>"; };
		0552C45F195DF98B006AE004 /* clearRightTemplate.pdf */ = {isa = PBXFileReference; lastKnownFileType = image.pdf; path = clearRightTemplate.pdf; sourceTree = "<group>"; };
		0552C460195DF98B006AE004 /* floatLeftTemplate.pdf */ = {isa = PBXFileReference; lastKnownFileType = image.pdf; path = floatLeftTemplate.pdf; sourceTree = "<group>"; };
		0552C461195DF98B006AE004 /* floatRightTemplate.pdf */ = {isa = PBXFileReference; lastKnownFileType = image.pdf; path = floatRightTemplate.pdf; sourceTree = "<group>"; };
		0552C462195DF98B006AE004 /* marginAll.pdf */ = {isa = PBXFileReference; lastKnownFileType = image.pdf; path = marginAll.pdf; sourceTree = "<group>"; };
		0552C463195DF98B006AE004 /* marginBottom.pdf */ = {isa = PBXFileReference; lastKnownFileType = image.pdf; path = marginBottom.pdf; sourceTree = "<group>"; };
		0552C464195DF98B006AE004 /* marginLeft.pdf */ = {isa = PBXFileReference; lastKnownFileType = image.pdf; path = marginLeft.pdf; sourceTree = "<group>"; };
		0552C465195DF98B006AE004 /* marginRight.pdf */ = {isa = PBXFileReference; lastKnownFileType = image.pdf; path = marginRight.pdf; sourceTree = "<group>"; };
		0552C466195DF98B006AE004 /* marginTop.pdf */ = {isa = PBXFileReference; lastKnownFileType = image.pdf; path = marginTop.pdf; sourceTree = "<group>"; };
		0552C467195DF98B006AE004 /* paddingAll.pdf */ = {isa = PBXFileReference; lastKnownFileType = image.pdf; path = paddingAll.pdf; sourceTree = "<group>"; };
		0552C468195DF98B006AE004 /* paddingBottom.pdf */ = {isa = PBXFileReference; lastKnownFileType = image.pdf; path = paddingBottom.pdf; sourceTree = "<group>"; };
		0552C469195DF98B006AE004 /* paddingLeft.pdf */ = {isa = PBXFileReference; lastKnownFileType = image.pdf; path = paddingLeft.pdf; sourceTree = "<group>"; };
		0552C46A195DF98B006AE004 /* paddingRight.pdf */ = {isa = PBXFileReference; lastKnownFileType = image.pdf; path = paddingRight.pdf; sourceTree = "<group>"; };
		0552C46B195DF98B006AE004 /* paddingTop.pdf */ = {isa = PBXFileReference; lastKnownFileType = image.pdf; path = paddingTop.pdf; sourceTree = "<group>"; };
		0552C46C195DF98B006AE004 /* zDownTemplate.pdf */ = {isa = PBXFileReference; lastKnownFileType = image.pdf; path = zDownTemplate.pdf; sourceTree = "<group>"; };
		0552C46D195DF98B006AE004 /* zUpTemplate.pdf */ = {isa = PBXFileReference; lastKnownFileType = image.pdf; path = zUpTemplate.pdf; sourceTree = "<group>"; };
		0552C46E195DF98B006AE004 /* arrowLeftTemplate.pdf */ = {isa = PBXFileReference; lastKnownFileType = image.pdf; path = arrowLeftTemplate.pdf; sourceTree = "<group>"; };
		0552C46F195DF98B006AE004 /* arrowRightTemplate.pdf */ = {isa = PBXFileReference; lastKnownFileType = image.pdf; path = arrowRightTemplate.pdf; sourceTree = "<group>"; };
		0552C470195DF98B006AE004 /* arrowUpTemplate.pdf */ = {isa = PBXFileReference; lastKnownFileType = image.pdf; path = arrowUpTemplate.pdf; sourceTree = "<group>"; };
		0552C471195DF98B006AE004 /* arrowDownTemplate.pdf */ = {isa = PBXFileReference; lastKnownFileType = image.pdf; path = arrowDownTemplate.pdf; sourceTree = "<group>"; };
		0552C472195DF98B006AE004 /* arrowLeftBottomTemplate.pdf */ = {isa = PBXFileReference; lastKnownFileType = image.pdf; path = arrowLeftBottomTemplate.pdf; sourceTree = "<group>"; };
		0552C473195DF98B006AE004 /* arrowRightBottomTemplate.pdf */ = {isa = PBXFileReference; lastKnownFileType = image.pdf; path = arrowRightBottomTemplate.pdf; sourceTree = "<group>"; };
		0552C474195DF98B006AE004 /* arrowLeftTopTemplate.pdf */ = {isa = PBXFileReference; lastKnownFileType = image.pdf; path = arrowLeftTopTemplate.pdf; sourceTree = "<group>"; };
		0552C475195DF98B006AE004 /* arrowRightTopTemplate.pdf */ = {isa = PBXFileReference; lastKnownFileType = image.pdf; path = arrowRightTopTemplate.pdf; sourceTree = "<group>"; };
		0552C476195DF98B006AE004 /* repeatTemplate.pdf */ = {isa = PBXFileReference; lastKnownFileType = image.pdf; path = repeatTemplate.pdf; sourceTree = "<group>"; };
		0552C477195DF98B006AE004 /* repeatYTemplate.pdf */ = {isa = PBXFileReference; lastKnownFileType = image.pdf; path = repeatYTemplate.pdf; sourceTree = "<group>"; };
		0552C478195DF98B006AE004 /* repeatXTemplate.pdf */ = {isa = PBXFileReference; lastKnownFileType = image.pdf; path = repeatXTemplate.pdf; sourceTree = "<group>"; };
		0552C479195DF98B006AE004 /* repeatNoTemplate.pdf */ = {isa = PBXFileReference; lastKnownFileType = image.pdf; path = repeatNoTemplate.pdf; sourceTree = "<group>"; };
		0552C47A195DF98B006AE004 /* attScrollTemplate.pdf */ = {isa = PBXFileReference; lastKnownFileType = image.pdf; path = attScrollTemplate.pdf; sourceTree = "<group>"; };
		0552C47B195DF98C006AE004 /* attFixedTemplate.pdf */ = {isa = PBXFileReference; lastKnownFileType = image.pdf; path = attFixedTemplate.pdf; sourceTree = "<group>"; };
		0552C47C195DF98C006AE004 /* picture.png */ = {isa = PBXFileReference; lastKnownFileType = image.png; path = picture.png; sourceTree = "<group>"; };
		0552C47D195DF98C006AE004 /* HideStylesPaneTemplate.png */ = {isa = PBXFileReference; lastKnownFileType = image.png; path = HideStylesPaneTemplate.png; sourceTree = "<group>"; };
		0552C47E195DF98C006AE004 /* ShowStylesPaneTemplate.png */ = {isa = PBXFileReference; lastKnownFileType = image.png; path = ShowStylesPaneTemplate.png; sourceTree = "<group>"; };
		0552C47F195DF98C006AE004 /* SmallX.png */ = {isa = PBXFileReference; lastKnownFileType = image.png; path = SmallX.png; sourceTree = "<group>"; };
		0552C480195DF98C006AE004 /* fontTemplate.pdf */ = {isa = PBXFileReference; lastKnownFileType = image.pdf; path = fontTemplate.pdf; sourceTree = "<group>"; };
		0552C481195DF98C006AE004 /* comment.png */ = {isa = PBXFileReference; lastKnownFileType = image.png; path = comment.png; sourceTree = "<group>"; };
		0552C482195DF98C006AE004 /* comment@2x.png */ = {isa = PBXFileReference; lastKnownFileType = image.png; path = "comment@2x.png"; sourceTree = "<group>"; };
		0552C483195DF98C006AE004 /* media.png */ = {isa = PBXFileReference; lastKnownFileType = image.png; path = media.png; sourceTree = "<group>"; };
		0552C484195DF98C006AE004 /* media@2x.png */ = {isa = PBXFileReference; lastKnownFileType = image.png; path = "media@2x.png"; sourceTree = "<group>"; };
		0552C485195DF98C006AE004 /* charset@2x.png */ = {isa = PBXFileReference; lastKnownFileType = image.png; path = "charset@2x.png"; sourceTree = "<group>"; };
		0552C486195DF98C006AE004 /* charset.png */ = {isa = PBXFileReference; lastKnownFileType = image.png; path = charset.png; sourceTree = "<group>"; };
		0552C487195DF98C006AE004 /* import.png */ = {isa = PBXFileReference; lastKnownFileType = image.png; path = import.png; sourceTree = "<group>"; };
		0552C488195DF98C006AE004 /* import@2x.png */ = {isa = PBXFileReference; lastKnownFileType = image.png; path = "import@2x.png"; sourceTree = "<group>"; };
		0552C489195DF98C006AE004 /* alignLeftTemplate.pdf */ = {isa = PBXFileReference; lastKnownFileType = image.pdf; path = alignLeftTemplate.pdf; sourceTree = "<group>"; };
		0552C48A195DF98C006AE004 /* alignCenterTemplate.pdf */ = {isa = PBXFileReference; lastKnownFileType = image.pdf; path = alignCenterTemplate.pdf; sourceTree = "<group>"; };
		0552C48B195DF98C006AE004 /* alignRightTemplate.pdf */ = {isa = PBXFileReference; lastKnownFileType = image.pdf; path = alignRightTemplate.pdf; sourceTree = "<group>"; };
		0552C48C195DF98C006AE004 /* alignTemplate.pdf */ = {isa = PBXFileReference; lastKnownFileType = image.pdf; path = alignTemplate.pdf; sourceTree = "<group>"; };
		0552C48D195DF98C006AE004 /* gradientLinear.png */ = {isa = PBXFileReference; lastKnownFileType = image.png; path = gradientLinear.png; sourceTree = "<group>"; };
		0552C48E195DF98C006AE004 /* gradientLinear@2x.png */ = {isa = PBXFileReference; lastKnownFileType = image.png; path = "gradientLinear@2x.png"; sourceTree = "<group>"; };
		0552C48F195DF98C006AE004 /* gradientRadial.png */ = {isa = PBXFileReference; lastKnownFileType = image.png; path = gradientRadial.png; sourceTree = "<group>"; };
		0552C490195DF98C006AE004 /* gradientRadial@2x.png */ = {isa = PBXFileReference; lastKnownFileType = image.png; path = "gradientRadial@2x.png"; sourceTree = "<group>"; };
		0552C491195DF98C006AE004 /* image.png */ = {isa = PBXFileReference; lastKnownFileType = image.png; path = image.png; sourceTree = "<group>"; };
		0552C492195DF98C006AE004 /* image@2x.png */ = {isa = PBXFileReference; lastKnownFileType = image.png; path = "image@2x.png"; sourceTree = "<group>"; };
		0552C4DC195DF9CF006AE004 /* CustomTextView.h */ = {isa = PBXFileReference; fileEncoding = 4; lastKnownFileType = sourcecode.c.h; path = CustomTextView.h; sourceTree = "<group>"; };
		0552C4DD195DF9CF006AE004 /* CustomTextView.m */ = {isa = PBXFileReference; fileEncoding = 4; lastKnownFileType = sourcecode.c.objc; path = CustomTextView.m; sourceTree = "<group>"; };
		0552C4DE195DF9CF006AE004 /* SplitViewController.h */ = {isa = PBXFileReference; fileEncoding = 4; lastKnownFileType = sourcecode.c.h; path = SplitViewController.h; sourceTree = "<group>"; };
		0552C4DF195DF9CF006AE004 /* SplitViewController.m */ = {isa = PBXFileReference; fileEncoding = 4; lastKnownFileType = sourcecode.c.objc; path = SplitViewController.m; sourceTree = "<group>"; };
		0552C4E0195DF9CF006AE004 /* CSSParser.h */ = {isa = PBXFileReference; fileEncoding = 4; lastKnownFileType = sourcecode.c.h; path = CSSParser.h; sourceTree = "<group>"; };
		0552C4E1195DF9CF006AE004 /* CSSParser.m */ = {isa = PBXFileReference; fileEncoding = 4; lastKnownFileType = sourcecode.c.objc; path = CSSParser.m; sourceTree = "<group>"; };
		0552C4E2195DF9CF006AE004 /* ColorTextFieldCell.h */ = {isa = PBXFileReference; fileEncoding = 4; lastKnownFileType = sourcecode.c.h; path = ColorTextFieldCell.h; sourceTree = "<group>"; };
		0552C4E3195DF9CF006AE004 /* ColorTextFieldCell.m */ = {isa = PBXFileReference; fileEncoding = 4; lastKnownFileType = sourcecode.c.objc; path = ColorTextFieldCell.m; sourceTree = "<group>"; };
		0552C4E4195DF9CF006AE004 /* ColorTextField.h */ = {isa = PBXFileReference; fileEncoding = 4; lastKnownFileType = sourcecode.c.h; path = ColorTextField.h; sourceTree = "<group>"; };
		0552C4E5195DF9CF006AE004 /* ColorTextField.m */ = {isa = PBXFileReference; fileEncoding = 4; lastKnownFileType = sourcecode.c.objc; path = ColorTextField.m; sourceTree = "<group>"; };
		0552C4E6195DF9CF006AE004 /* ImageAndTextCell.h */ = {isa = PBXFileReference; fileEncoding = 4; lastKnownFileType = sourcecode.c.h; path = ImageAndTextCell.h; sourceTree = "<group>"; };
		0552C4E7195DF9CF006AE004 /* ImageAndTextCell.m */ = {isa = PBXFileReference; fileEncoding = 4; lastKnownFileType = sourcecode.c.objc; path = ImageAndTextCell.m; sourceTree = "<group>"; };
		0552C4E8195DF9CF006AE004 /* CustomOutlineView.h */ = {isa = PBXFileReference; fileEncoding = 4; lastKnownFileType = sourcecode.c.h; path = CustomOutlineView.h; sourceTree = "<group>"; };
		0552C4E9195DF9CF006AE004 /* CustomOutlineView.m */ = {isa = PBXFileReference; fileEncoding = 4; lastKnownFileType = sourcecode.c.objc; path = CustomOutlineView.m; sourceTree = "<group>"; };
		0552C4EA195DF9CF006AE004 /* SyntaxHighlighter.h */ = {isa = PBXFileReference; fileEncoding = 4; lastKnownFileType = sourcecode.c.h; path = SyntaxHighlighter.h; sourceTree = "<group>"; };
		0552C4EB195DF9CF006AE004 /* SyntaxHighlighter.m */ = {isa = PBXFileReference; fileEncoding = 4; lastKnownFileType = sourcecode.c.objc; path = SyntaxHighlighter.m; sourceTree = "<group>"; };
		0552C4F4195DF9D9006AE004 /* NSImage+Tint.h */ = {isa = PBXFileReference; fileEncoding = 4; lastKnownFileType = sourcecode.c.h; path = "NSImage+Tint.h"; sourceTree = "<group>"; };
		0552C4F5195DF9D9006AE004 /* NSImage+Tint.m */ = {isa = PBXFileReference; fileEncoding = 4; lastKnownFileType = sourcecode.c.objc; path = "NSImage+Tint.m"; sourceTree = "<group>"; };
		0552C4F6195DF9D9006AE004 /* NSColor+HTMLColors.h */ = {isa = PBXFileReference; fileEncoding = 4; lastKnownFileType = sourcecode.c.h; path = "NSColor+HTMLColors.h"; sourceTree = "<group>"; };
		0552C4F7195DF9D9006AE004 /* NSColor+HTMLColors.m */ = {isa = PBXFileReference; fileEncoding = 4; lastKnownFileType = sourcecode.c.objc; path = "NSColor+HTMLColors.m"; sourceTree = "<group>"; };
		0552C4F8195DF9D9006AE004 /* NSColor+Extensions.h */ = {isa = PBXFileReference; fileEncoding = 4; lastKnownFileType = sourcecode.c.h; path = "NSColor+Extensions.h"; sourceTree = "<group>"; };
		0552C4F9195DF9D9006AE004 /* NSColor+Extensions.m */ = {isa = PBXFileReference; fileEncoding = 4; lastKnownFileType = sourcecode.c.objc; path = "NSColor+Extensions.m"; sourceTree = "<group>"; };
		0552C4FA195DF9D9006AE004 /* NSColor+iOS7Colors.h */ = {isa = PBXFileReference; fileEncoding = 4; lastKnownFileType = sourcecode.c.h; path = "NSColor+iOS7Colors.h"; sourceTree = "<group>"; };
		0552C4FB195DF9D9006AE004 /* NSColor+iOS7Colors.m */ = {isa = PBXFileReference; fileEncoding = 4; lastKnownFileType = sourcecode.c.objc; path = "NSColor+iOS7Colors.m"; sourceTree = "<group>"; };
		0552C4FC195DF9D9006AE004 /* NSBezierPath+StrokeExtensions.h */ = {isa = PBXFileReference; fileEncoding = 4; lastKnownFileType = sourcecode.c.h; path = "NSBezierPath+StrokeExtensions.h"; sourceTree = "<group>"; };
		0552C4FD195DF9D9006AE004 /* NSBezierPath+StrokeExtensions.m */ = {isa = PBXFileReference; fileEncoding = 4; lastKnownFileType = sourcecode.c.objc; path = "NSBezierPath+StrokeExtensions.m"; sourceTree = "<group>"; };
		0552C4FE195DF9D9006AE004 /* NSColor+ChessboardColor.h */ = {isa = PBXFileReference; fileEncoding = 4; lastKnownFileType = sourcecode.c.h; path = "NSColor+ChessboardColor.h"; sourceTree = "<group>"; };
		0552C4FF195DF9D9006AE004 /* NSColor+ChessboardColor.m */ = {isa = PBXFileReference; fileEncoding = 4; lastKnownFileType = sourcecode.c.objc; path = "NSColor+ChessboardColor.m"; sourceTree = "<group>"; };
		0552C508195DF9FD006AE004 /* ACTGradientEditor.h */ = {isa = PBXFileReference; fileEncoding = 4; lastKnownFileType = sourcecode.c.h; path = ACTGradientEditor.h; sourceTree = "<group>"; };
		0552C509195DF9FD006AE004 /* ACTGradientEditor.m */ = {isa = PBXFileReference; fileEncoding = 4; lastKnownFileType = sourcecode.c.objc; path = ACTGradientEditor.m; sourceTree = "<group>"; };
		0552C518195DFA14006AE004 /* NoodleLineNumberMarker.h */ = {isa = PBXFileReference; fileEncoding = 4; lastKnownFileType = sourcecode.c.h; path = NoodleLineNumberMarker.h; sourceTree = "<group>"; };
		0552C519195DFA14006AE004 /* NoodleLineNumberMarker.m */ = {isa = PBXFileReference; fileEncoding = 4; lastKnownFileType = sourcecode.c.objc; path = NoodleLineNumberMarker.m; sourceTree = "<group>"; };
		0552C51A195DFA14006AE004 /* NoodleLineNumberView.h */ = {isa = PBXFileReference; fileEncoding = 4; lastKnownFileType = sourcecode.c.h; path = NoodleLineNumberView.h; sourceTree = "<group>"; };
		0552C51B195DFA14006AE004 /* NoodleLineNumberView.m */ = {isa = PBXFileReference; fileEncoding = 4; lastKnownFileType = sourcecode.c.objc; path = NoodleLineNumberView.m; sourceTree = "<group>"; };
		0552C51E195DFA91006AE004 /* libicucore.dylib */ = {isa = PBXFileReference; lastKnownFileType = "compiled.mach-o.dylib"; name = libicucore.dylib; path = usr/lib/libicucore.dylib; sourceTree = SDKROOT; };
		0552C520195DFA9A006AE004 /* WebKit.framework */ = {isa = PBXFileReference; lastKnownFileType = wrapper.framework; name = WebKit.framework; path = System/Library/Frameworks/WebKit.framework; sourceTree = SDKROOT; };
		0552C523195E5328006AE004 /* test.css */ = {isa = PBXFileReference; fileEncoding = 4; lastKnownFileType = text.css; path = test.css; sourceTree = "<group>"; };
		0552C524195E5328006AE004 /* colors.plist */ = {isa = PBXFileReference; fileEncoding = 4; lastKnownFileType = text.plist.xml; path = colors.plist; sourceTree = "<group>"; };
		0552C527195FC0F5006AE004 /* delete@2x.png */ = {isa = PBXFileReference; lastKnownFileType = image.png; path = "delete@2x.png"; sourceTree = "<group>"; };
		0552C528195FC0F5006AE004 /* delete.png */ = {isa = PBXFileReference; lastKnownFileType = image.png; path = delete.png; sourceTree = "<group>"; };
		0552C529195FC0F5006AE004 /* delete-pressed.png */ = {isa = PBXFileReference; lastKnownFileType = image.png; path = "delete-pressed.png"; sourceTree = "<group>"; };
		0552C52A195FC0F5006AE004 /* delete-pressed@2x.png */ = {isa = PBXFileReference; lastKnownFileType = image.png; path = "delete-pressed@2x.png"; sourceTree = "<group>"; };
		0552C52F195FC277006AE004 /* PositioningViewController.h */ = {isa = PBXFileReference; fileEncoding = 4; lastKnownFileType = sourcecode.c.h; path = PositioningViewController.h; sourceTree = "<group>"; };
		0552C530195FC277006AE004 /* PositioningViewController.m */ = {isa = PBXFileReference; fileEncoding = 4; lastKnownFileType = sourcecode.c.objc; path = PositioningViewController.m; sourceTree = "<group>"; };
		0552C531195FC277006AE004 /* PositioningViewController.xib */ = {isa = PBXFileReference; fileEncoding = 4; lastKnownFileType = file.xib; path = PositioningViewController.xib; sourceTree = "<group>"; };
		05973D0A195FD0A7005C3D10 /* DimensionsViewController.h */ = {isa = PBXFileReference; fileEncoding = 4; lastKnownFileType = sourcecode.c.h; path = DimensionsViewController.h; sourceTree = "<group>"; };
		05973D0B195FD0A7005C3D10 /* DimensionsViewController.m */ = {isa = PBXFileReference; fileEncoding = 4; lastKnownFileType = sourcecode.c.objc; path = DimensionsViewController.m; sourceTree = "<group>"; };
		05973D0C195FD0A7005C3D10 /* DimensionsViewController.xib */ = {isa = PBXFileReference; fileEncoding = 4; lastKnownFileType = file.xib; path = DimensionsViewController.xib; sourceTree = "<group>"; };
		05973D1019607605005C3D10 /* BackgroundViewController.h */ = {isa = PBXFileReference; fileEncoding = 4; lastKnownFileType = sourcecode.c.h; path = BackgroundViewController.h; sourceTree = "<group>"; };
		05973D1119607605005C3D10 /* BackgroundViewController.m */ = {isa = PBXFileReference; fileEncoding = 4; lastKnownFileType = sourcecode.c.objc; path = BackgroundViewController.m; sourceTree = "<group>"; };
		05973D1219607605005C3D10 /* BackgroundViewController.xib */ = {isa = PBXFileReference; fileEncoding = 4; lastKnownFileType = file.xib; path = BackgroundViewController.xib; sourceTree = "<group>"; };
		05DDFE531961CEDD002F6ADC /* Podfile */ = {isa = PBXFileReference; fileEncoding = 4; lastKnownFileType = text; path = Podfile; sourceTree = "<group>"; };
		4BA07C34EC7644FFBBA67242 /* libPods.a */ = {isa = PBXFileReference; explicitFileType = archive.ar; includeInIndex = 0; path = libPods.a; sourceTree = BUILT_PRODUCTS_DIR; };
		F210D9FF0E36476F840F2D15 /* Pods.xcconfig */ = {isa = PBXFileReference; includeInIndex = 1; lastKnownFileType = text.xcconfig; name = Pods.xcconfig; path = Pods/Pods.xcconfig; sourceTree = "<group>"; };
/* End PBXFileReference section */

/* Begin PBXFrameworksBuildPhase section */
		0552C407195DF91A006AE004 /* Frameworks */ = {
			isa = PBXFrameworksBuildPhase;
			buildActionMask = 2147483647;
			files = (
				0552C521195DFA9A006AE004 /* WebKit.framework in Frameworks */,
				0552C51F195DFA91006AE004 /* libicucore.dylib in Frameworks */,
				0552C40E195DF91A006AE004 /* Cocoa.framework in Frameworks */,
				4E7070255D3F4BF985B21450 /* (null) in Frameworks */,
				B86A004A21CA4D17BAF2D8DB /* libPods.a in Frameworks */,
			);
			runOnlyForDeploymentPostprocessing = 0;
		};
		0552C42B195DF91A006AE004 /* Frameworks */ = {
			isa = PBXFrameworksBuildPhase;
			buildActionMask = 2147483647;
			files = (
				0552C431195DF91A006AE004 /* Cocoa.framework in Frameworks */,
				0552C430195DF91A006AE004 /* XCTest.framework in Frameworks */,
			);
			runOnlyForDeploymentPostprocessing = 0;
		};
/* End PBXFrameworksBuildPhase section */

/* Begin PBXGroup section */
		0552C401195DF91A006AE004 = {
			isa = PBXGroup;
			children = (
				05DDFE531961CEDD002F6ADC /* Podfile */,
				0552C413195DF91A006AE004 /* iCSS */,
				0552C434195DF91A006AE004 /* iCSSTests */,
				0552C40C195DF91A006AE004 /* Frameworks */,
				0552C40B195DF91A006AE004 /* Products */,
				F210D9FF0E36476F840F2D15 /* Pods.xcconfig */,
			);
			sourceTree = "<group>";
		};
		0552C40B195DF91A006AE004 /* Products */ = {
			isa = PBXGroup;
			children = (
				0552C40A195DF91A006AE004 /* iCSS.app */,
				0552C42E195DF91A006AE004 /* iCSSTests.xctest */,
			);
			name = Products;
			sourceTree = "<group>";
		};
		0552C40C195DF91A006AE004 /* Frameworks */ = {
			isa = PBXGroup;
			children = (
				0552C520195DFA9A006AE004 /* WebKit.framework */,
				0552C51E195DFA91006AE004 /* libicucore.dylib */,
				0552C40D195DF91A006AE004 /* Cocoa.framework */,
				0552C42F195DF91A006AE004 /* XCTest.framework */,
				0552C40F195DF91A006AE004 /* Other Frameworks */,
				4BA07C34EC7644FFBBA67242 /* libPods.a */,
			);
			name = Frameworks;
			sourceTree = "<group>";
		};
		0552C40F195DF91A006AE004 /* Other Frameworks */ = {
			isa = PBXGroup;
			children = (
				0552C410195DF91A006AE004 /* AppKit.framework */,
				0552C411195DF91A006AE004 /* CoreData.framework */,
				0552C412195DF91A006AE004 /* Foundation.framework */,
			);
			name = "Other Frameworks";
			sourceTree = "<group>";
		};
		0552C413195DF91A006AE004 /* iCSS */ = {
			isa = PBXGroup;
			children = (
				0552C507195DF9E5006AE004 /* External */,
				0552C506195DF9DE006AE004 /* Categories */,
				0552C41F195DF91A006AE004 /* Document.h */,
				0552C420195DF91A006AE004 /* Document.m */,
				0552C422195DF91A006AE004 /* Document.xib */,
				0552C535195FC32F006AE004 /* View Controllers */,
				0552C4DC195DF9CF006AE004 /* CustomTextView.h */,
				0552C4DD195DF9CF006AE004 /* CustomTextView.m */,
				0552C4DE195DF9CF006AE004 /* SplitViewController.h */,
				0552C4DF195DF9CF006AE004 /* SplitViewController.m */,
				0552C4E0195DF9CF006AE004 /* CSSParser.h */,
				0552C4E1195DF9CF006AE004 /* CSSParser.m */,
				0552C4E2195DF9CF006AE004 /* ColorTextFieldCell.h */,
				0552C4E3195DF9CF006AE004 /* ColorTextFieldCell.m */,
				0552C4E4195DF9CF006AE004 /* ColorTextField.h */,
				0552C4E5195DF9CF006AE004 /* ColorTextField.m */,
				0552C4E6195DF9CF006AE004 /* ImageAndTextCell.h */,
				0552C4E7195DF9CF006AE004 /* ImageAndTextCell.m */,
				0552C4E8195DF9CF006AE004 /* CustomOutlineView.h */,
				0552C4E9195DF9CF006AE004 /* CustomOutlineView.m */,
				0552C4EA195DF9CF006AE004 /* SyntaxHighlighter.h */,
				0552C4EB195DF9CF006AE004 /* SyntaxHighlighter.m */,
				0552C425195DF91A006AE004 /* MainMenu.xib */,
				0552C523195E5328006AE004 /* test.css */,
				0552C524195E5328006AE004 /* colors.plist */,
				0552C428195DF91A006AE004 /* Images.xcassets */,
				0552C522195E5182006AE004 /* images */,
				0552C414195DF91A006AE004 /* Supporting Files */,
			);
			path = iCSS;
			sourceTree = "<group>";
		};
		0552C414195DF91A006AE004 /* Supporting Files */ = {
			isa = PBXGroup;
			children = (
				0552C415195DF91A006AE004 /* iCSS-Info.plist */,
				0552C416195DF91A006AE004 /* InfoPlist.strings */,
				0552C419195DF91A006AE004 /* main.m */,
				0552C41B195DF91A006AE004 /* iCSS-Prefix.pch */,
				0552C41C195DF91A006AE004 /* Credits.rtf */,
			);
			name = "Supporting Files";
			sourceTree = "<group>";
		};
		0552C434195DF91A006AE004 /* iCSSTests */ = {
			isa = PBXGroup;
			children = (
				0552C43A195DF91A006AE004 /* iCSSTests.m */,
				0552C435195DF91A006AE004 /* Supporting Files */,
			);
			path = iCSSTests;
			sourceTree = "<group>";
		};
		0552C435195DF91A006AE004 /* Supporting Files */ = {
			isa = PBXGroup;
			children = (
				0552C436195DF91A006AE004 /* iCSSTests-Info.plist */,
				0552C437195DF91A006AE004 /* InfoPlist.strings */,
			);
			name = "Supporting Files";
			sourceTree = "<group>";
		};
		0552C444195DF94F006AE004 /* Border */ = {
			isa = PBXGroup;
			children = (
				0552C445195DF966006AE004 /* BorderViewController.h */,
				0552C446195DF966006AE004 /* BorderViewController.m */,
				0552C447195DF966006AE004 /* BorderViewController.xib */,
			);
			name = Border;
			sourceTree = "<group>";
		};
		0552C506195DF9DE006AE004 /* Categories */ = {
			isa = PBXGroup;
			children = (
				0552C4F4195DF9D9006AE004 /* NSImage+Tint.h */,
				0552C4F5195DF9D9006AE004 /* NSImage+Tint.m */,
				0552C4F6195DF9D9006AE004 /* NSColor+HTMLColors.h */,
				0552C4F7195DF9D9006AE004 /* NSColor+HTMLColors.m */,
				0552C4F8195DF9D9006AE004 /* NSColor+Extensions.h */,
				0552C4F9195DF9D9006AE004 /* NSColor+Extensions.m */,
				0552C4FA195DF9D9006AE004 /* NSColor+iOS7Colors.h */,
				0552C4FB195DF9D9006AE004 /* NSColor+iOS7Colors.m */,
				0552C4FC195DF9D9006AE004 /* NSBezierPath+StrokeExtensions.h */,
				0552C4FD195DF9D9006AE004 /* NSBezierPath+StrokeExtensions.m */,
				0552C4FE195DF9D9006AE004 /* NSColor+ChessboardColor.h */,
				0552C4FF195DF9D9006AE004 /* NSColor+ChessboardColor.m */,
			);
			name = Categories;
			sourceTree = "<group>";
		};
		0552C507195DF9E5006AE004 /* External */ = {
			isa = PBXGroup;
			children = (
				0552C508195DF9FD006AE004 /* ACTGradientEditor.h */,
				0552C509195DF9FD006AE004 /* ACTGradientEditor.m */,
				0552C518195DFA14006AE004 /* NoodleLineNumberMarker.h */,
				0552C519195DFA14006AE004 /* NoodleLineNumberMarker.m */,
				0552C51A195DFA14006AE004 /* NoodleLineNumberView.h */,
				0552C51B195DFA14006AE004 /* NoodleLineNumberView.m */,
			);
			name = External;
			sourceTree = "<group>";
		};
		0552C522195E5182006AE004 /* images */ = {
			isa = PBXGroup;
			children = (
				0552C527195FC0F5006AE004 /* delete@2x.png */,
				0552C528195FC0F5006AE004 /* delete.png */,
				0552C529195FC0F5006AE004 /* delete-pressed.png */,
				0552C52A195FC0F5006AE004 /* delete-pressed@2x.png */,
				0552C44A195DF98B006AE004 /* borderGroove.pdf */,
				0552C44B195DF98B006AE004 /* borderOutset.pdf */,
				0552C44C195DF98B006AE004 /* borderDouble.pdf */,
				0552C44D195DF98B006AE004 /* borderSolid.pdf */,
				0552C44E195DF98B006AE004 /* borderInset.pdf */,
				0552C44F195DF98B006AE004 /* borderHidden.pdf */,
				0552C450195DF98B006AE004 /* borderDotted.pdf */,
				0552C451195DF98B006AE004 /* borderDashed.pdf */,
				0552C452195DF98B006AE004 /* borderRidge.pdf */,
				0552C453195DF98B006AE004 /* borderNone.pdf */,
				0552C454195DF98B006AE004 /* borderAllTemplate.pdf */,
				0552C455195DF98B006AE004 /* borderBottomTemplate.pdf */,
				0552C456195DF98B006AE004 /* borderLeftTemplate.pdf */,
				0552C457195DF98B006AE004 /* borderRightTemplate.pdf */,
				0552C458195DF98B006AE004 /* borderTopTemplate.pdf */,
				0552C459195DF98B006AE004 /* positionBottom.pdf */,
				0552C45A195DF98B006AE004 /* positionLeft.pdf */,
				0552C45B195DF98B006AE004 /* positionRight.pdf */,
				0552C45C195DF98B006AE004 /* positionTop.pdf */,
				0552C45D195DF98B006AE004 /* clearBothTemplate.pdf */,
				0552C45E195DF98B006AE004 /* clearLeftTemplate.pdf */,
				0552C45F195DF98B006AE004 /* clearRightTemplate.pdf */,
				0552C460195DF98B006AE004 /* floatLeftTemplate.pdf */,
				0552C461195DF98B006AE004 /* floatRightTemplate.pdf */,
				0552C462195DF98B006AE004 /* marginAll.pdf */,
				0552C463195DF98B006AE004 /* marginBottom.pdf */,
				0552C464195DF98B006AE004 /* marginLeft.pdf */,
				0552C465195DF98B006AE004 /* marginRight.pdf */,
				0552C466195DF98B006AE004 /* marginTop.pdf */,
				0552C467195DF98B006AE004 /* paddingAll.pdf */,
				0552C468195DF98B006AE004 /* paddingBottom.pdf */,
				0552C469195DF98B006AE004 /* paddingLeft.pdf */,
				0552C46A195DF98B006AE004 /* paddingRight.pdf */,
				0552C46B195DF98B006AE004 /* paddingTop.pdf */,
				0552C46C195DF98B006AE004 /* zDownTemplate.pdf */,
				0552C46D195DF98B006AE004 /* zUpTemplate.pdf */,
				0552C46E195DF98B006AE004 /* arrowLeftTemplate.pdf */,
				0552C46F195DF98B006AE004 /* arrowRightTemplate.pdf */,
				0552C470195DF98B006AE004 /* arrowUpTemplate.pdf */,
				0552C471195DF98B006AE004 /* arrowDownTemplate.pdf */,
				0552C472195DF98B006AE004 /* arrowLeftBottomTemplate.pdf */,
				0552C473195DF98B006AE004 /* arrowRightBottomTemplate.pdf */,
				0552C474195DF98B006AE004 /* arrowLeftTopTemplate.pdf */,
				0552C475195DF98B006AE004 /* arrowRightTopTemplate.pdf */,
				0552C476195DF98B006AE004 /* repeatTemplate.pdf */,
				0552C477195DF98B006AE004 /* repeatYTemplate.pdf */,
				0552C478195DF98B006AE004 /* repeatXTemplate.pdf */,
				0552C479195DF98B006AE004 /* repeatNoTemplate.pdf */,
				0552C47A195DF98B006AE004 /* attScrollTemplate.pdf */,
				0552C47B195DF98C006AE004 /* attFixedTemplate.pdf */,
				0552C47C195DF98C006AE004 /* picture.png */,
				0552C47D195DF98C006AE004 /* HideStylesPaneTemplate.png */,
				0552C47E195DF98C006AE004 /* ShowStylesPaneTemplate.png */,
				0552C47F195DF98C006AE004 /* SmallX.png */,
				0552C480195DF98C006AE004 /* fontTemplate.pdf */,
				0552C481195DF98C006AE004 /* comment.png */,
				0552C482195DF98C006AE004 /* comment@2x.png */,
				0552C483195DF98C006AE004 /* media.png */,
				0552C484195DF98C006AE004 /* media@2x.png */,
				0552C485195DF98C006AE004 /* charset@2x.png */,
				0552C486195DF98C006AE004 /* charset.png */,
				0552C487195DF98C006AE004 /* import.png */,
				0552C488195DF98C006AE004 /* import@2x.png */,
				0552C489195DF98C006AE004 /* alignLeftTemplate.pdf */,
				0552C48A195DF98C006AE004 /* alignCenterTemplate.pdf */,
				0552C48B195DF98C006AE004 /* alignRightTemplate.pdf */,
				0552C48C195DF98C006AE004 /* alignTemplate.pdf */,
				0552C48D195DF98C006AE004 /* gradientLinear.png */,
				0552C48E195DF98C006AE004 /* gradientLinear@2x.png */,
				0552C48F195DF98C006AE004 /* gradientRadial.png */,
				0552C490195DF98C006AE004 /* gradientRadial@2x.png */,
				0552C491195DF98C006AE004 /* image.png */,
				0552C492195DF98C006AE004 /* image@2x.png */,
			);
			name = images;
			sourceTree = "<group>";
		};
		0552C534195FC27C006AE004 /* Positioning */ = {
			isa = PBXGroup;
			children = (
				0552C52F195FC277006AE004 /* PositioningViewController.h */,
				0552C530195FC277006AE004 /* PositioningViewController.m */,
				0552C531195FC277006AE004 /* PositioningViewController.xib */,
			);
			name = Positioning;
			sourceTree = "<group>";
		};
		0552C535195FC32F006AE004 /* View Controllers */ = {
			isa = PBXGroup;
			children = (
				05973D151960760A005C3D10 /* Background */,
				05973D0F195FD0AE005C3D10 /* Dimensions */,
				0552C534195FC27C006AE004 /* Positioning */,
				0552C444195DF94F006AE004 /* Border */,
			);
			name = "View Controllers";
			sourceTree = "<group>";
		};
		05973D0F195FD0AE005C3D10 /* Dimensions */ = {
			isa = PBXGroup;
			children = (
				05973D0A195FD0A7005C3D10 /* DimensionsViewController.h */,
				05973D0B195FD0A7005C3D10 /* DimensionsViewController.m */,
				05973D0C195FD0A7005C3D10 /* DimensionsViewController.xib */,
			);
			name = Dimensions;
			sourceTree = "<group>";
		};
		05973D151960760A005C3D10 /* Background */ = {
			isa = PBXGroup;
			children = (
				05973D1019607605005C3D10 /* BackgroundViewController.h */,
				05973D1119607605005C3D10 /* BackgroundViewController.m */,
				05973D1219607605005C3D10 /* BackgroundViewController.xib */,
			);
			name = Background;
			sourceTree = "<group>";
		};
/* End PBXGroup section */

/* Begin PBXNativeTarget section */
		0552C409195DF91A006AE004 /* iCSS */ = {
			isa = PBXNativeTarget;
			buildConfigurationList = 0552C43E195DF91A006AE004 /* Build configuration list for PBXNativeTarget "iCSS" */;
			buildPhases = (
				ADE23A47CF5249F8A19FE64F /* Check Pods Manifest.lock */,
				0552C406195DF91A006AE004 /* Sources */,
				0552C407195DF91A006AE004 /* Frameworks */,
				0552C408195DF91A006AE004 /* Resources */,
				C4A6EBC43FC14242BD0E5823 /* Copy Pods Resources */,
			);
			buildRules = (
			);
			dependencies = (
			);
			name = iCSS;
			productName = iCSS;
			productReference = 0552C40A195DF91A006AE004 /* iCSS.app */;
			productType = "com.apple.product-type.application";
		};
		0552C42D195DF91A006AE004 /* iCSSTests */ = {
			isa = PBXNativeTarget;
			buildConfigurationList = 0552C441195DF91A006AE004 /* Build configuration list for PBXNativeTarget "iCSSTests" */;
			buildPhases = (
				0552C42A195DF91A006AE004 /* Sources */,
				0552C42B195DF91A006AE004 /* Frameworks */,
				0552C42C195DF91A006AE004 /* Resources */,
			);
			buildRules = (
			);
			dependencies = (
				0552C433195DF91A006AE004 /* PBXTargetDependency */,
			);
			name = iCSSTests;
			productName = iCSSTests;
			productReference = 0552C42E195DF91A006AE004 /* iCSSTests.xctest */;
			productType = "com.apple.product-type.bundle.unit-test";
		};
/* End PBXNativeTarget section */

/* Begin PBXProject section */
		0552C402195DF91A006AE004 /* Project object */ = {
			isa = PBXProject;
			attributes = {
				LastUpgradeCheck = 0510;
				ORGANIZATIONNAME = "Null Creature";
				TargetAttributes = {
					0552C42D195DF91A006AE004 = {
						TestTargetID = 0552C409195DF91A006AE004;
					};
				};
			};
			buildConfigurationList = 0552C405195DF91A006AE004 /* Build configuration list for PBXProject "iCSS" */;
			compatibilityVersion = "Xcode 3.2";
			developmentRegion = English;
			hasScannedForEncodings = 0;
			knownRegions = (
				en,
				Base,
			);
			mainGroup = 0552C401195DF91A006AE004;
			productRefGroup = 0552C40B195DF91A006AE004 /* Products */;
			projectDirPath = "";
			projectRoot = "";
			targets = (
				0552C409195DF91A006AE004 /* iCSS */,
				0552C42D195DF91A006AE004 /* iCSSTests */,
			);
		};
/* End PBXProject section */

/* Begin PBXResourcesBuildPhase section */
		0552C408195DF91A006AE004 /* Resources */ = {
			isa = PBXResourcesBuildPhase;
			buildActionMask = 2147483647;
			files = (
				0552C496195DF98C006AE004 /* borderSolid.pdf in Resources */,
				0552C424195DF91A006AE004 /* Document.xib in Resources */,
				0552C495195DF98C006AE004 /* borderDouble.pdf in Resources */,
				0552C49F195DF98C006AE004 /* borderLeftTemplate.pdf in Resources */,
				0552C4C9195DF98C006AE004 /* fontTemplate.pdf in Resources */,
				0552C4DA195DF98C006AE004 /* image.png in Resources */,
				0552C526195E5328006AE004 /* colors.plist in Resources */,
				0552C4D1195DF98C006AE004 /* import@2x.png in Resources */,
				0552C4D3195DF98C006AE004 /* alignCenterTemplate.pdf in Resources */,
				0552C4A4195DF98C006AE004 /* positionRight.pdf in Resources */,
				0552C4A2195DF98C006AE004 /* positionBottom.pdf in Resources */,
				0552C4C1195DF98C006AE004 /* repeatXTemplate.pdf in Resources */,
				05973D1419607605005C3D10 /* BackgroundViewController.xib in Resources */,
				0552C4C7195DF98C006AE004 /* ShowStylesPaneTemplate.png in Resources */,
				0552C4D4195DF98C006AE004 /* alignRightTemplate.pdf in Resources */,
				0552C4B6195DF98C006AE004 /* zUpTemplate.pdf in Resources */,
				0552C429195DF91A006AE004 /* Images.xcassets in Resources */,
				0552C49C195DF98C006AE004 /* borderNone.pdf in Resources */,
				0552C4BF195DF98C006AE004 /* repeatTemplate.pdf in Resources */,
				0552C494195DF98C006AE004 /* borderOutset.pdf in Resources */,
				0552C4D9195DF98C006AE004 /* gradientRadial@2x.png in Resources */,
				0552C49A195DF98C006AE004 /* borderDashed.pdf in Resources */,
				0552C418195DF91A006AE004 /* InfoPlist.strings in Resources */,
				0552C4AE195DF98C006AE004 /* marginRight.pdf in Resources */,
				0552C52D195FC0F5006AE004 /* delete-pressed.png in Resources */,
				0552C4C6195DF98C006AE004 /* HideStylesPaneTemplate.png in Resources */,
				0552C4AD195DF98C006AE004 /* marginLeft.pdf in Resources */,
				0552C4BC195DF98C006AE004 /* arrowRightBottomTemplate.pdf in Resources */,
				0552C4AC195DF98C006AE004 /* marginBottom.pdf in Resources */,
				0552C4D8195DF98C006AE004 /* gradientRadial.png in Resources */,
				0552C4AF195DF98C006AE004 /* marginTop.pdf in Resources */,
				0552C4CB195DF98C006AE004 /* comment@2x.png in Resources */,
				0552C4AB195DF98C006AE004 /* marginAll.pdf in Resources */,
				0552C4B3195DF98C006AE004 /* paddingRight.pdf in Resources */,
				0552C525195E5328006AE004 /* test.css in Resources */,
				0552C4A8195DF98C006AE004 /* clearRightTemplate.pdf in Resources */,
				0552C4C0195DF98C006AE004 /* repeatYTemplate.pdf in Resources */,
				0552C4CF195DF98C006AE004 /* charset.png in Resources */,
				0552C4A3195DF98C006AE004 /* positionLeft.pdf in Resources */,
				0552C4A9195DF98C006AE004 /* floatLeftTemplate.pdf in Resources */,
				0552C52C195FC0F5006AE004 /* delete.png in Resources */,
				0552C4CD195DF98C006AE004 /* media@2x.png in Resources */,
				0552C4C4195DF98C006AE004 /* attFixedTemplate.pdf in Resources */,
				0552C4D5195DF98C006AE004 /* alignTemplate.pdf in Resources */,
				0552C52E195FC0F5006AE004 /* delete-pressed@2x.png in Resources */,
				0552C4BB195DF98C006AE004 /* arrowLeftBottomTemplate.pdf in Resources */,
				0552C4C2195DF98C006AE004 /* repeatNoTemplate.pdf in Resources */,
				0552C533195FC277006AE004 /* PositioningViewController.xib in Resources */,
				0552C499195DF98C006AE004 /* borderDotted.pdf in Resources */,
				0552C4B5195DF98C006AE004 /* zDownTemplate.pdf in Resources */,
				0552C4D0195DF98C006AE004 /* import.png in Resources */,
				0552C4B8195DF98C006AE004 /* arrowRightTemplate.pdf in Resources */,
				0552C4A5195DF98C006AE004 /* positionTop.pdf in Resources */,
				0552C49D195DF98C006AE004 /* borderAllTemplate.pdf in Resources */,
				0552C493195DF98C006AE004 /* borderGroove.pdf in Resources */,
				05DDFE541961CEDD002F6ADC /* Podfile in Resources */,
				0552C4B4195DF98C006AE004 /* paddingTop.pdf in Resources */,
				0552C4D2195DF98C006AE004 /* alignLeftTemplate.pdf in Resources */,
				0552C4C5195DF98C006AE004 /* picture.png in Resources */,
				0552C4DB195DF98C006AE004 /* image@2x.png in Resources */,
				0552C41E195DF91A006AE004 /* Credits.rtf in Resources */,
				0552C4B7195DF98C006AE004 /* arrowLeftTemplate.pdf in Resources */,
				0552C449195DF966006AE004 /* BorderViewController.xib in Resources */,
				0552C4D7195DF98C006AE004 /* gradientLinear@2x.png in Resources */,
				05973D0E195FD0A7005C3D10 /* DimensionsViewController.xib in Resources */,
				0552C4AA195DF98C006AE004 /* floatRightTemplate.pdf in Resources */,
				0552C4C8195DF98C006AE004 /* SmallX.png in Resources */,
				0552C4A1195DF98C006AE004 /* borderTopTemplate.pdf in Resources */,
				0552C52B195FC0F5006AE004 /* delete@2x.png in Resources */,
				0552C4C3195DF98C006AE004 /* attScrollTemplate.pdf in Resources */,
				0552C4B9195DF98C006AE004 /* arrowUpTemplate.pdf in Resources */,
				0552C4BA195DF98C006AE004 /* arrowDownTemplate.pdf in Resources */,
				0552C4BD195DF98C006AE004 /* arrowLeftTopTemplate.pdf in Resources */,
				0552C497195DF98C006AE004 /* borderInset.pdf in Resources */,
				0552C4A0195DF98C006AE004 /* borderRightTemplate.pdf in Resources */,
				0552C4B2195DF98C006AE004 /* paddingLeft.pdf in Resources */,
				0552C498195DF98C006AE004 /* borderHidden.pdf in Resources */,
				0552C4B0195DF98C006AE004 /* paddingAll.pdf in Resources */,
				0552C49E195DF98C006AE004 /* borderBottomTemplate.pdf in Resources */,
				0552C4A7195DF98C006AE004 /* clearLeftTemplate.pdf in Resources */,
				0552C4BE195DF98C006AE004 /* arrowRightTopTemplate.pdf in Resources */,
				0552C4A6195DF98C006AE004 /* clearBothTemplate.pdf in Resources */,
				0552C4B1195DF98C006AE004 /* paddingBottom.pdf in Resources */,
				0552C4CC195DF98C006AE004 /* media.png in Resources */,
				0552C4CA195DF98C006AE004 /* comment.png in Resources */,
				0552C4CE195DF98C006AE004 /* charset@2x.png in Resources */,
				0552C427195DF91A006AE004 /* MainMenu.xib in Resources */,
				0552C4D6195DF98C006AE004 /* gradientLinear.png in Resources */,
				0552C49B195DF98C006AE004 /* borderRidge.pdf in Resources */,
			);
			runOnlyForDeploymentPostprocessing = 0;
		};
		0552C42C195DF91A006AE004 /* Resources */ = {
			isa = PBXResourcesBuildPhase;
			buildActionMask = 2147483647;
			files = (
				0552C439195DF91A006AE004 /* InfoPlist.strings in Resources */,
			);
			runOnlyForDeploymentPostprocessing = 0;
		};
/* End PBXResourcesBuildPhase section */

/* Begin PBXShellScriptBuildPhase section */
		ADE23A47CF5249F8A19FE64F /* Check Pods Manifest.lock */ = {
			isa = PBXShellScriptBuildPhase;
			buildActionMask = 2147483647;
			files = (
			);
			inputPaths = (
			);
			name = "Check Pods Manifest.lock";
			outputPaths = (
			);
			runOnlyForDeploymentPostprocessing = 0;
			shellPath = /bin/sh;
			shellScript = "diff \"${PODS_ROOT}/../Podfile.lock\" \"${PODS_ROOT}/Manifest.lock\" > /dev/null\nif [[ $? != 0 ]] ; then\n    cat << EOM\nerror: The sandbox is not in sync with the Podfile.lock. Run 'pod install' or update your CocoaPods installation.\nEOM\n    exit 1\nfi\n";
			showEnvVarsInLog = 0;
		};
		C4A6EBC43FC14242BD0E5823 /* Copy Pods Resources */ = {
			isa = PBXShellScriptBuildPhase;
			buildActionMask = 2147483647;
			files = (
			);
			inputPaths = (
			);
			name = "Copy Pods Resources";
			outputPaths = (
			);
			runOnlyForDeploymentPostprocessing = 0;
			shellPath = /bin/sh;
			shellScript = "\"${SRCROOT}/Pods/Pods-resources.sh\"\n";
			showEnvVarsInLog = 0;
		};
/* End PBXShellScriptBuildPhase section */

/* Begin PBXSourcesBuildPhase section */
		0552C406195DF91A006AE004 /* Sources */ = {
			isa = PBXSourcesBuildPhase;
			buildActionMask = 2147483647;
			files = (
				0552C502195DF9D9006AE004 /* NSColor+Extensions.m in Sources */,
				05973D0D195FD0A7005C3D10 /* DimensionsViewController.m in Sources */,
				0552C50A195DF9FD006AE004 /* ACTGradientEditor.m in Sources */,
				0552C4F1195DF9CF006AE004 /* ImageAndTextCell.m in Sources */,
				0552C4EE195DF9CF006AE004 /* CSSParser.m in Sources */,
				0552C421195DF91A006AE004 /* Document.m in Sources */,
				0552C4F3195DF9CF006AE004 /* SyntaxHighlighter.m in Sources */,
				05973D1319607605005C3D10 /* BackgroundViewController.m in Sources */,
				0552C51D195DFA14006AE004 /* NoodleLineNumberView.m in Sources */,
				0552C503195DF9D9006AE004 /* NSColor+iOS7Colors.m in Sources */,
				0552C501195DF9D9006AE004 /* NSColor+HTMLColors.m in Sources */,
				0552C505195DF9D9006AE004 /* NSColor+ChessboardColor.m in Sources */,
				0552C532195FC277006AE004 /* PositioningViewController.m in Sources */,
				0552C41A195DF91A006AE004 /* main.m in Sources */,
				0552C4F0195DF9CF006AE004 /* ColorTextField.m in Sources */,
				0552C4ED195DF9CF006AE004 /* SplitViewController.m in Sources */,
				0552C4F2195DF9CF006AE004 /* CustomOutlineView.m in Sources */,
				0552C4EC195DF9CF006AE004 /* CustomTextView.m in Sources */,
				0552C504195DF9D9006AE004 /* NSBezierPath+StrokeExtensions.m in Sources */,
				0552C51C195DFA14006AE004 /* NoodleLineNumberMarker.m in Sources */,
				0552C4EF195DF9CF006AE004 /* ColorTextFieldCell.m in Sources */,
				0552C448195DF966006AE004 /* BorderViewController.m in Sources */,
				0552C500195DF9D9006AE004 /* NSImage+Tint.m in Sources */,
			);
			runOnlyForDeploymentPostprocessing = 0;
		};
		0552C42A195DF91A006AE004 /* Sources */ = {
			isa = PBXSourcesBuildPhase;
			buildActionMask = 2147483647;
			files = (
				0552C43B195DF91A006AE004 /* iCSSTests.m in Sources */,
			);
			runOnlyForDeploymentPostprocessing = 0;
		};
/* End PBXSourcesBuildPhase section */

/* Begin PBXTargetDependency section */
		0552C433195DF91A006AE004 /* PBXTargetDependency */ = {
			isa = PBXTargetDependency;
			target = 0552C409195DF91A006AE004 /* iCSS */;
			targetProxy = 0552C432195DF91A006AE004 /* PBXContainerItemProxy */;
		};
/* End PBXTargetDependency section */

/* Begin PBXVariantGroup section */
		0552C416195DF91A006AE004 /* InfoPlist.strings */ = {
			isa = PBXVariantGroup;
			children = (
				0552C417195DF91A006AE004 /* en */,
			);
			name = InfoPlist.strings;
			sourceTree = "<group>";
		};
		0552C41C195DF91A006AE004 /* Credits.rtf */ = {
			isa = PBXVariantGroup;
			children = (
				0552C41D195DF91A006AE004 /* en */,
			);
			name = Credits.rtf;
			sourceTree = "<group>";
		};
		0552C422195DF91A006AE004 /* Document.xib */ = {
			isa = PBXVariantGroup;
			children = (
				0552C423195DF91A006AE004 /* Base */,
			);
			name = Document.xib;
			sourceTree = "<group>";
		};
		0552C425195DF91A006AE004 /* MainMenu.xib */ = {
			isa = PBXVariantGroup;
			children = (
				0552C426195DF91A006AE004 /* Base */,
			);
			name = MainMenu.xib;
			sourceTree = "<group>";
		};
		0552C437195DF91A006AE004 /* InfoPlist.strings */ = {
			isa = PBXVariantGroup;
			children = (
				0552C438195DF91A006AE004 /* en */,
			);
			name = InfoPlist.strings;
			sourceTree = "<group>";
		};
/* End PBXVariantGroup section */

/* Begin XCBuildConfiguration section */
		0552C43C195DF91A006AE004 /* Debug */ = {
			isa = XCBuildConfiguration;
			buildSettings = {
				ALWAYS_SEARCH_USER_PATHS = NO;
				CLANG_CXX_LANGUAGE_STANDARD = "gnu++0x";
				CLANG_CXX_LIBRARY = "libc++";
				CLANG_ENABLE_MODULES = YES;
				CLANG_ENABLE_OBJC_ARC = YES;
				CLANG_WARN_BOOL_CONVERSION = YES;
				CLANG_WARN_CONSTANT_CONVERSION = YES;
				CLANG_WARN_DIRECT_OBJC_ISA_USAGE = YES_ERROR;
				CLANG_WARN_EMPTY_BODY = YES;
				CLANG_WARN_ENUM_CONVERSION = YES;
				CLANG_WARN_INT_CONVERSION = YES;
				CLANG_WARN_OBJC_ROOT_CLASS = YES_ERROR;
				CLANG_WARN__DUPLICATE_METHOD_MATCH = YES;
				COPY_PHASE_STRIP = NO;
				GCC_C_LANGUAGE_STANDARD = gnu99;
				GCC_DYNAMIC_NO_PIC = NO;
				GCC_ENABLE_OBJC_EXCEPTIONS = YES;
				GCC_OPTIMIZATION_LEVEL = 0;
				GCC_PREPROCESSOR_DEFINITIONS = (
					"DEBUG=1",
					"$(inherited)",
				);
				GCC_SYMBOLS_PRIVATE_EXTERN = NO;
				GCC_WARN_64_TO_32_BIT_CONVERSION = YES;
				GCC_WARN_ABOUT_RETURN_TYPE = YES_ERROR;
				GCC_WARN_UNDECLARED_SELECTOR = YES;
				GCC_WARN_UNINITIALIZED_AUTOS = YES_AGGRESSIVE;
				GCC_WARN_UNUSED_FUNCTION = YES;
				GCC_WARN_UNUSED_VARIABLE = YES;
				MACOSX_DEPLOYMENT_TARGET = 10.9;
				ONLY_ACTIVE_ARCH = YES;
				SDKROOT = macosx;
			};
			name = Debug;
		};
		0552C43D195DF91A006AE004 /* Release */ = {
			isa = XCBuildConfiguration;
			buildSettings = {
				ALWAYS_SEARCH_USER_PATHS = NO;
				CLANG_CXX_LANGUAGE_STANDARD = "gnu++0x";
				CLANG_CXX_LIBRARY = "libc++";
				CLANG_ENABLE_MODULES = YES;
				CLANG_ENABLE_OBJC_ARC = YES;
				CLANG_WARN_BOOL_CONVERSION = YES;
				CLANG_WARN_CONSTANT_CONVERSION = YES;
				CLANG_WARN_DIRECT_OBJC_ISA_USAGE = YES_ERROR;
				CLANG_WARN_EMPTY_BODY = YES;
				CLANG_WARN_ENUM_CONVERSION = YES;
				CLANG_WARN_INT_CONVERSION = YES;
				CLANG_WARN_OBJC_ROOT_CLASS = YES_ERROR;
				CLANG_WARN__DUPLICATE_METHOD_MATCH = YES;
				COPY_PHASE_STRIP = YES;
				DEBUG_INFORMATION_FORMAT = "dwarf-with-dsym";
				ENABLE_NS_ASSERTIONS = NO;
				GCC_C_LANGUAGE_STANDARD = gnu99;
				GCC_ENABLE_OBJC_EXCEPTIONS = YES;
				GCC_WARN_64_TO_32_BIT_CONVERSION = YES;
				GCC_WARN_ABOUT_RETURN_TYPE = YES_ERROR;
				GCC_WARN_UNDECLARED_SELECTOR = YES;
				GCC_WARN_UNINITIALIZED_AUTOS = YES_AGGRESSIVE;
				GCC_WARN_UNUSED_FUNCTION = YES;
				GCC_WARN_UNUSED_VARIABLE = YES;
				MACOSX_DEPLOYMENT_TARGET = 10.9;
				SDKROOT = macosx;
			};
			name = Release;
		};
		0552C43F195DF91A006AE004 /* Debug */ = {
			isa = XCBuildConfiguration;
			baseConfigurationReference = F210D9FF0E36476F840F2D15 /* Pods.xcconfig */;
			buildSettings = {
				ASSETCATALOG_COMPILER_APPICON_NAME = AppIcon;
				COMBINE_HIDPI_IMAGES = YES;
				GCC_PRECOMPILE_PREFIX_HEADER = YES;
				GCC_PREFIX_HEADER = "iCSS/iCSS-Prefix.pch";
				INFOPLIST_FILE = "iCSS/iCSS-Info.plist";
				PRODUCT_NAME = "$(TARGET_NAME)";
				WRAPPER_EXTENSION = app;
			};
			name = Debug;
		};
		0552C440195DF91A006AE004 /* Release */ = {
			isa = XCBuildConfiguration;
			baseConfigurationReference = F210D9FF0E36476F840F2D15 /* Pods.xcconfig */;
			buildSettings = {
				ASSETCATALOG_COMPILER_APPICON_NAME = AppIcon;
				COMBINE_HIDPI_IMAGES = YES;
				GCC_PRECOMPILE_PREFIX_HEADER = YES;
				GCC_PREFIX_HEADER = "iCSS/iCSS-Prefix.pch";
				INFOPLIST_FILE = "iCSS/iCSS-Info.plist";
				PRODUCT_NAME = "$(TARGET_NAME)";
				WRAPPER_EXTENSION = app;
			};
			name = Release;
		};
		0552C442195DF91A006AE004 /* Debug */ = {
			isa = XCBuildConfiguration;
			buildSettings = {
				BUNDLE_LOADER = "$(BUILT_PRODUCTS_DIR)/iCSS.app/Contents/MacOS/iCSS";
				COMBINE_HIDPI_IMAGES = YES;
				FRAMEWORK_SEARCH_PATHS = (
					"$(DEVELOPER_FRAMEWORKS_DIR)",
					"$(inherited)",
				);
				GCC_PRECOMPILE_PREFIX_HEADER = YES;
				GCC_PREFIX_HEADER = "iCSS/iCSS-Prefix.pch";
				GCC_PREPROCESSOR_DEFINITIONS = (
					"DEBUG=1",
					"$(inherited)",
				);
				INFOPLIST_FILE = "iCSSTests/iCSSTests-Info.plist";
				PRODUCT_NAME = "$(TARGET_NAME)";
				TEST_HOST = "$(BUNDLE_LOADER)";
				WRAPPER_EXTENSION = xctest;
			};
			name = Debug;
		};
		0552C443195DF91A006AE004 /* Release */ = {
			isa = XCBuildConfiguration;
			buildSettings = {
				BUNDLE_LOADER = "$(BUILT_PRODUCTS_DIR)/iCSS.app/Contents/MacOS/iCSS";
				COMBINE_HIDPI_IMAGES = YES;
				FRAMEWORK_SEARCH_PATHS = (
					"$(DEVELOPER_FRAMEWORKS_DIR)",
					"$(inherited)",
				);
				GCC_PRECOMPILE_PREFIX_HEADER = YES;
				GCC_PREFIX_HEADER = "iCSS/iCSS-Prefix.pch";
				INFOPLIST_FILE = "iCSSTests/iCSSTests-Info.plist";
				PRODUCT_NAME = "$(TARGET_NAME)";
				TEST_HOST = "$(BUNDLE_LOADER)";
				WRAPPER_EXTENSION = xctest;
			};
			name = Release;
		};
/* End XCBuildConfiguration section */

/* Begin XCConfigurationList section */
		0552C405195DF91A006AE004 /* Build configuration list for PBXProject "iCSS" */ = {
			isa = XCConfigurationList;
			buildConfigurations = (
				0552C43C195DF91A006AE004 /* Debug */,
				0552C43D195DF91A006AE004 /* Release */,
			);
			defaultConfigurationIsVisible = 0;
			defaultConfigurationName = Release;
		};
		0552C43E195DF91A006AE004 /* Build configuration list for PBXNativeTarget "iCSS" */ = {
			isa = XCConfigurationList;
			buildConfigurations = (
				0552C43F195DF91A006AE004 /* Debug */,
				0552C440195DF91A006AE004 /* Release */,
			);
			defaultConfigurationIsVisible = 0;
			defaultConfigurationName = Release;
		};
		0552C441195DF91A006AE004 /* Build configuration list for PBXNativeTarget "iCSSTests" */ = {
			isa = XCConfigurationList;
			buildConfigurations = (
				0552C442195DF91A006AE004 /* Debug */,
				0552C443195DF91A006AE004 /* Release */,
			);
			defaultConfigurationIsVisible = 0;
			defaultConfigurationName = Release;
		};
/* End XCConfigurationList section */
	};
	rootObject = 0552C402195DF91A006AE004 /* Project object */;
}
